PODS:
  - Result (4.0.0)
  - RxResult (2.2):
    - Result
    - RxSwift (~> 4.0)
  - RxSwift (4.3.1)

DEPENDENCIES:
  - RxResult (from `../`)

SPEC REPOS:
  https://github.com/cocoapods/specs.git:
    - Result
    - RxSwift

EXTERNAL SOURCES:
  RxResult:
    :path: "../"

SPEC CHECKSUMS:
  Result: 7645bb3f50c2ce726dd0ff2fa7b6f42bbe6c3713
  RxResult: b801c98faa3baf4a4298d592f1268e92959876c1
  RxSwift: fe0fd770a43acdb7d0a53da411c9b892e69bb6e4

PODFILE CHECKSUM: 251a3f37222b3a575b94cf62e6297e95f479d297

COCOAPODS: 1.5.3
